
Microsoft Visual Studio Solution File, Format Version 11.00
# Visual Studio 2010
Project("{FAE04EC0-301F-11D3-BF4B-00C04F79EFBC}") = "buy-me-now", "Assembly-CSharp-firstpass.csproj", "{109328B8-7EA8-E686-B038-FC34DA5E99D9}"
EndProject
Project("{FAE04EC0-301F-11D3-BF4B-00C04F79EFBC}") = "buy-me-now", "Assembly-CSharp.csproj", "{E96565A9-182F-79DB-B3B4-1BA9ECC12D81}"
EndProject
Project("{FAE04EC0-301F-11D3-BF4B-00C04F79EFBC}") = "buy-me-now", "Assembly-CSharp-Editor-firstpass.csproj", "{F48FE1B6-D32B-BF5A-CD7D-8C0218AFAFE8}"
EndProject
Project("{FAE04EC0-301F-11D3-BF4B-00C04F79EFBC}") = "buy-me-now", "Assembly-CSharp-Editor.csproj", "{52590329-0649-1CF3-9323-3D342D8500DD}"
EndProject
Global
	GlobalSection(SolutionConfigurationPlatforms) = preSolution
		Debug|Any CPU = Debug|Any CPU
		Release|Any CPU = Release|Any CPU
	EndGlobalSection
	GlobalSection(ProjectConfigurationPlatforms) = postSolution
		{109328B8-7EA8-E686-B038-FC34DA5E99D9}.Debug|Any CPU.ActiveCfg = Debug|Any CPU
		{109328B8-7EA8-E686-B038-FC34DA5E99D9}.Debug|Any CPU.Build.0 = Debug|Any CPU
		{109328B8-7EA8-E686-B038-FC34DA5E99D9}.Release|Any CPU.ActiveCfg = Release|Any CPU
		{109328B8-7EA8-E686-B038-FC34DA5E99D9}.Release|Any CPU.Build.0 = Release|Any CPU
		{E96565A9-182F-79DB-B3B4-1BA9ECC12D81}.Debug|Any CPU.ActiveCfg = Debug|Any CPU
		{E96565A9-182F-79DB-B3B4-1BA9ECC12D81}.Debug|Any CPU.Build.0 = Debug|Any CPU
		{E96565A9-182F-79DB-B3B4-1BA9ECC12D81}.Release|Any CPU.ActiveCfg = Release|Any CPU
		{E96565A9-182F-79DB-B3B4-1BA9ECC12D81}.Release|Any CPU.Build.0 = Release|Any CPU
		{F48FE1B6-D32B-BF5A-CD7D-8C0218AFAFE8}.Debug|Any CPU.ActiveCfg = Debug|Any CPU
		{F48FE1B6-D32B-BF5A-CD7D-8C0218AFAFE8}.Debug|Any CPU.Build.0 = Debug|Any CPU
		{F48FE1B6-D32B-BF5A-CD7D-8C0218AFAFE8}.Release|Any CPU.ActiveCfg = Release|Any CPU
		{F48FE1B6-D32B-BF5A-CD7D-8C0218AFAFE8}.Release|Any CPU.Build.0 = Release|Any CPU
		{52590329-0649-1CF3-9323-3D342D8500DD}.Debug|Any CPU.ActiveCfg = Debug|Any CPU
		{52590329-0649-1CF3-9323-3D342D8500DD}.Debug|Any CPU.Build.0 = Debug|Any CPU
		{52590329-0649-1CF3-9323-3D342D8500DD}.Release|Any CPU.ActiveCfg = Release|Any CPU
		{52590329-0649-1CF3-9323-3D342D8500DD}.Release|Any CPU.Build.0 = Release|Any CPU
	EndGlobalSection
	GlobalSection(SolutionProperties) = preSolution
		HideSolutionNode = FALSE
	EndGlobalSection
	GlobalSection(MonoDevelopProperties) = preSolution
		StartupItem = Assembly-CSharp.csproj
	EndGlobalSection
EndGlobal
